
Microsoft Visual Studio Solution File, Format Version 12.00
# Visual Studio Version 16
VisualStudioVersion = 16.0.31424.327
MinimumVisualStudioVersion = 10.0.40219.1
Project("{8BC9CEB8-8B4A-11D0-8D11-00A0C91BC942}") = "RayTracerChallenge", "RayTracerChallenge.vcxproj", "{3BA4E4B8-BBAA-4E9E-B1AF-30476D7A86C0}"
EndProject
Project("{8BC9CEB8-8B4A-11D0-8D11-00A0C91BC942}") = "RayTracerChallengev3", "..\RayTracerChallengev3\RayTracerChallengev3.vcxproj", "{DA9992B7-0C37-4E34-8581-E7D5EFC7835A}"
EndProject
Project("{8BC9CEB8-8B4A-11D0-8D11-00A0C91BC942}") = "ConsolePPM", "..\ConsolePPM\ConsolePPM.vcxproj", "{F8731998-C2B3-401B-A2AD-9FF89CE0C135}"
EndProject
Project("{8BC9CEB8-8B4A-11D0-8D11-00A0C91BC942}") = "SFML_MaterialEditor", "..\SFML_MaterialEditor\SFML_MaterialEditor.vcxproj", "{D7546DCE-AA81-4739-98AA-C9893197C6B1}"
EndProject
Project("{8BC9CEB8-8B4A-11D0-8D11-00A0C91BC942}") = "DummyConsole", "..\DummyConsole\DummyConsole.vcxproj", "{7398967F-ABAF-47BB-A561-628690345D95}"
EndProject
Global
	GlobalSection(SolutionConfigurationPlatforms) = preSolution
		Debug|x64 = Debug|x64
		Debug|x86 = Debug|x86
		Release|x64 = Release|x64
		Release|x86 = Release|x86
	EndGlobalSection
	GlobalSection(ProjectConfigurationPlatforms) = postSolution
		{3BA4E4B8-BBAA-4E9E-B1AF-30476D7A86C0}.Debug|x64.ActiveCfg = Debug|x64
		{3BA4E4B8-BBAA-4E9E-B1AF-30476D7A86C0}.Debug|x64.Build.0 = Debug|x64
		{3BA4E4B8-BBAA-4E9E-B1AF-30476D7A86C0}.Debug|x86.ActiveCfg = Debug|Win32
		{3BA4E4B8-BBAA-4E9E-B1AF-30476D7A86C0}.Debug|x86.Build.0 = Debug|Win32
		{3BA4E4B8-BBAA-4E9E-B1AF-30476D7A86C0}.Release|x64.ActiveCfg = Release|x64
		{3BA4E4B8-BBAA-4E9E-B1AF-30476D7A86C0}.Release|x86.ActiveCfg = Release|Win32
		{3BA4E4B8-BBAA-4E9E-B1AF-30476D7A86C0}.Release|x86.Build.0 = Release|Win32
		{DA9992B7-0C37-4E34-8581-E7D5EFC7835A}.Debug|x64.ActiveCfg = Debug|x64
		{DA9992B7-0C37-4E34-8581-E7D5EFC7835A}.Debug|x64.Build.0 = Debug|x64
		{DA9992B7-0C37-4E34-8581-E7D5EFC7835A}.Debug|x86.ActiveCfg = Debug|Win32
		{DA9992B7-0C37-4E34-8581-E7D5EFC7835A}.Debug|x86.Build.0 = Debug|Win32
		{DA9992B7-0C37-4E34-8581-E7D5EFC7835A}.Release|x64.ActiveCfg = Release|x64
		{DA9992B7-0C37-4E34-8581-E7D5EFC7835A}.Release|x64.Build.0 = Release|x64
		{DA9992B7-0C37-4E34-8581-E7D5EFC7835A}.Release|x86.ActiveCfg = Release|Win32
		{DA9992B7-0C37-4E34-8581-E7D5EFC7835A}.Release|x86.Build.0 = Release|Win32
		{F8731998-C2B3-401B-A2AD-9FF89CE0C135}.Debug|x64.ActiveCfg = Debug|x64
		{F8731998-C2B3-401B-A2AD-9FF89CE0C135}.Debug|x64.Build.0 = Debug|x64
		{F8731998-C2B3-401B-A2AD-9FF89CE0C135}.Debug|x86.ActiveCfg = Debug|Win32
		{F8731998-C2B3-401B-A2AD-9FF89CE0C135}.Debug|x86.Build.0 = Debug|Win32
		{F8731998-C2B3-401B-A2AD-9FF89CE0C135}.Release|x64.ActiveCfg = Release|x64
		{F8731998-C2B3-401B-A2AD-9FF89CE0C135}.Release|x64.Build.0 = Release|x64
		{F8731998-C2B3-401B-A2AD-9FF89CE0C135}.Release|x86.ActiveCfg = Release|Win32
		{F8731998-C2B3-401B-A2AD-9FF89CE0C135}.Release|x86.Build.0 = Release|Win32
		{D7546DCE-AA81-4739-98AA-C9893197C6B1}.Debug|x64.ActiveCfg = Debug|x64
		{D7546DCE-AA81-4739-98AA-C9893197C6B1}.Debug|x64.Build.0 = Debug|x64
		{D7546DCE-AA81-4739-98AA-C9893197C6B1}.Debug|x86.ActiveCfg = Debug|Win32
		{D7546DCE-AA81-4739-98AA-C9893197C6B1}.Debug|x86.Build.0 = Debug|Win32
		{D7546DCE-AA81-4739-98AA-C9893197C6B1}.Release|x64.ActiveCfg = Release|x64
		{D7546DCE-AA81-4739-98AA-C9893197C6B1}.Release|x64.Build.0 = Release|x64
		{D7546DCE-AA81-4739-98AA-C9893197C6B1}.Release|x86.ActiveCfg = Release|Win32
		{D7546DCE-AA81-4739-98AA-C9893197C6B1}.Release|x86.Build.0 = Release|Win32
		{7398967F-ABAF-47BB-A561-628690345D95}.Debug|x64.ActiveCfg = Debug|x64
		{7398967F-ABAF-47BB-A561-628690345D95}.Debug|x64.Build.0 = Debug|x64
		{7398967F-ABAF-47BB-A561-628690345D95}.Debug|x86.ActiveCfg = Debug|Win32
		{7398967F-ABAF-47BB-A561-628690345D95}.Debug|x86.Build.0 = Debug|Win32
		{7398967F-ABAF-47BB-A561-628690345D95}.Release|x64.ActiveCfg = Release|x64
		{7398967F-ABAF-47BB-A561-628690345D95}.Release|x64.Build.0 = Release|x64
		{7398967F-ABAF-47BB-A561-628690345D95}.Release|x86.ActiveCfg = Release|Win32
		{7398967F-ABAF-47BB-A561-628690345D95}.Release|x86.Build.0 = Release|Win32
	EndGlobalSection
	GlobalSection(SolutionProperties) = preSolution
		HideSolutionNode = FALSE
	EndGlobalSection
	GlobalSection(ExtensibilityGlobals) = postSolution
		SolutionGuid = {AB89466C-AD96-4C66-9BF1-398ED91E96D5}
	EndGlobalSection
EndGlobal
