<?xml version="1.0" encoding="utf-8"?>
<Project ToolsVersion="4.0" xmlns="http://schemas.microsoft.com/developer/msbuild/2003">
  <ItemGroup>
    <Filter Include="Source Files">
      <UniqueIdentifier>{4FC737F1-C7A5-4376-A066-2A32D752A2FF}</UniqueIdentifier>
      <Extensions>cpp;c;cc;cxx;c++;cppm;ixx;def;odl;idl;hpj;bat;asm;asmx</Extensions>
    </Filter>
    <Filter Include="Header Files">
      <UniqueIdentifier>{93995380-89BD-4b04-88EB-625FBE52EBFB}</UniqueIdentifier>
      <Extensions>h;hh;hpp;hxx;h++;hm;inl;inc;ipp;xsd</Extensions>
    </Filter>
    <Filter Include="Resource Files">
      <UniqueIdentifier>{67DA6AB6-F800-4c08-8B7A-83BB121AAD01}</UniqueIdentifier>
      <Extensions>rc;ico;cur;bmp;dlg;rc2;rct;bin;rgs;gif;jpg;jpeg;jpe;resx;tiff;tif;png;wav;mfcribbon-ms</Extensions>
    </Filter>
  </ItemGroup>
  <ItemGroup>
    <ClCompile Include="main.cpp">
      <Filter>Source Files</Filter>
    </ClCompile>
  </ItemGroup>
  <ItemGroup>
    <ClInclude Include="src\DataStructs\Tuple.h">
      <Filter>Header Files</Filter>
    </ClInclude>
    <ClInclude Include="src\Utils.h">
      <Filter>Header Files</Filter>
    </ClInclude>
    <ClInclude Include="tests\utilsTests.h">
      <Filter>Header Files</Filter>
    </ClInclude>
    <ClInclude Include="Exercises\Chapter1\VirtualCannon.h">
      <Filter>Header Files</Filter>
    </ClInclude>
    <ClInclude Include="src\DataStructs\Color.h">
      <Filter>Header Files</Filter>
    </ClInclude>
    <ClInclude Include="tests\colorTests.h">
      <Filter>Header Files</Filter>
    </ClInclude>
    <ClInclude Include="src\Engine\Canvas.h">
      <Filter>Header Files</Filter>
    </ClInclude>
    <ClInclude Include="tests\canvasTests.h">
      <Filter>Header Files</Filter>
    </ClInclude>
    <ClInclude Include="Exercises\Chapter2\ProjectilePPM.h">
      <Filter>Header Files</Filter>
    </ClInclude>
    <ClInclude Include="src\DataStructs\Vector.h">
      <Filter>Header Files</Filter>
    </ClInclude>
    <ClInclude Include="src\DataStructs\Point.h">
      <Filter>Header Files</Filter>
    </ClInclude>
    <ClInclude Include="tests\vectorTests.h">
      <Filter>Header Files</Filter>
    </ClInclude>
    <ClInclude Include="tests\pointTests.h">
      <Filter>Header Files</Filter>
    </ClInclude>
    <ClInclude Include="tests\_testHarness.h">
      <Filter>Header Files</Filter>
    </ClInclude>
    <ClInclude Include="tests\tupleTests.h">
      <Filter>Header Files</Filter>
    </ClInclude>
    <ClInclude Include="src\DataStructs\Matrix.h">
      <Filter>Header Files</Filter>
    </ClInclude>
    <ClInclude Include="tests\matrixTests.h">
      <Filter>Header Files</Filter>
    </ClInclude>
    <ClInclude Include="Exercises\Chapter4\Clock.h">
      <Filter>Header Files</Filter>
    </ClInclude>
    <ClInclude Include="tests\raySphereIntersectionTests.h">
      <Filter>Header Files</Filter>
    </ClInclude>
    <ClInclude Include="src\Geometry\Ray.h">
      <Filter>Header Files</Filter>
    </ClInclude>
    <ClInclude Include="src\Geometry\Sphere.h">
      <Filter>Header Files</Filter>
    </ClInclude>
    <ClInclude Include="src\Geometry\Intersection.h">
      <Filter>Header Files</Filter>
    </ClInclude>
    <ClInclude Include="src\Geometry\IShape.h">
      <Filter>Header Files</Filter>
    </ClInclude>
    <ClInclude Include="Exercises\Chapter5\RayTraceSphere.h">
      <Filter>Header Files</Filter>
    </ClInclude>
    <ClInclude Include="tests\lightAndShadingTests.h">
      <Filter>Header Files</Filter>
    </ClInclude>
    <ClInclude Include="src\Geometry\PointLight.h">
      <Filter>Header Files</Filter>
    </ClInclude>
    <ClInclude Include="src\Geometry\Material.h">
      <Filter>Header Files</Filter>
    </ClInclude>
    <ClInclude Include="Exercises\Chapter6\RayTraceSphere.h">
      <Filter>Header Files</Filter>
    </ClInclude>
    <ClInclude Include="tests\worldAndCameraTests.h">
      <Filter>Header Files</Filter>
    </ClInclude>
    <ClInclude Include="src\Engine\World.h">
      <Filter>Header Files</Filter>
    </ClInclude>
    <ClInclude Include="src\Engine\Camera.h">
      <Filter>Header Files</Filter>
    </ClInclude>
    <ClInclude Include="src\Geometry\Computation.h">
      <Filter>Header Files</Filter>
    </ClInclude>
    <ClInclude Include="Exercises\Chapter7\RayTraceSphere.h">
      <Filter>Header Files</Filter>
    </ClInclude>
    <ClInclude Include="Exercises\Chapter7\RayTraceScene.h">
      <Filter>Header Files</Filter>
    </ClInclude>
    <ClInclude Include="tests\shadowTests.h">
      <Filter>Header Files</Filter>
    </ClInclude>
  </ItemGroup>
</Project>